
Microsoft Visual Studio Solution File, Format Version 12.00
# Visual Studio Version 16
VisualStudioVersion = 16.0.31129.286
MinimumVisualStudioVersion = 10.0.40219.1
Project("{9A19103F-16F7-4668-BE54-9A1E7A4F7556}") = "TreatLines_v1.WEB", "TreatLines_v1.WEB\TreatLines_v1.WEB.csproj", "{7182F14A-3351-4905-8A22-6247E7BA5EEE}"
EndProject
Project("{9A19103F-16F7-4668-BE54-9A1E7A4F7556}") = "TreatLines_v1.DAL", "TreatLines_v1.DAL\TreatLines_v1.DAL.csproj", "{9031DDFB-25DE-4B17-A662-E36FEF101C6C}"
EndProject
Project("{FAE04EC0-301F-11D3-BF4B-00C04F79EFBC}") = "TreatLines_v1.BLL", "TreatLines_v1.BLL\TreatLines_v1.BLL.csproj", "{FFA4071F-3106-47F8-97D8-4483AE6DE686}"
EndProject
Global
	GlobalSection(SolutionConfigurationPlatforms) = preSolution
		Debug|Any CPU = Debug|Any CPU
		Release|Any CPU = Release|Any CPU
	EndGlobalSection
	GlobalSection(ProjectConfigurationPlatforms) = postSolution
		{7182F14A-3351-4905-8A22-6247E7BA5EEE}.Debug|Any CPU.ActiveCfg = Debug|Any CPU
		{7182F14A-3351-4905-8A22-6247E7BA5EEE}.Debug|Any CPU.Build.0 = Debug|Any CPU
		{7182F14A-3351-4905-8A22-6247E7BA5EEE}.Release|Any CPU.ActiveCfg = Release|Any CPU
		{7182F14A-3351-4905-8A22-6247E7BA5EEE}.Release|Any CPU.Build.0 = Release|Any CPU
		{9031DDFB-25DE-4B17-A662-E36FEF101C6C}.Debug|Any CPU.ActiveCfg = Debug|Any CPU
		{9031DDFB-25DE-4B17-A662-E36FEF101C6C}.Debug|Any CPU.Build.0 = Debug|Any CPU
		{9031DDFB-25DE-4B17-A662-E36FEF101C6C}.Release|Any CPU.ActiveCfg = Release|Any CPU
		{9031DDFB-25DE-4B17-A662-E36FEF101C6C}.Release|Any CPU.Build.0 = Release|Any CPU
		{FFA4071F-3106-47F8-97D8-4483AE6DE686}.Debug|Any CPU.ActiveCfg = Debug|Any CPU
		{FFA4071F-3106-47F8-97D8-4483AE6DE686}.Debug|Any CPU.Build.0 = Debug|Any CPU
		{FFA4071F-3106-47F8-97D8-4483AE6DE686}.Release|Any CPU.ActiveCfg = Release|Any CPU
		{FFA4071F-3106-47F8-97D8-4483AE6DE686}.Release|Any CPU.Build.0 = Release|Any CPU
	EndGlobalSection
	GlobalSection(SolutionProperties) = preSolution
		HideSolutionNode = FALSE
	EndGlobalSection
	GlobalSection(ExtensibilityGlobals) = postSolution
		SolutionGuid = {9FD2DE5A-2625-41FE-8212-418BCC066FF0}
	EndGlobalSection
EndGlobal
